
Microsoft Visual Studio Solution File, Format Version 12.00
# Visual Studio Version 16
VisualStudioVersion = 16.0.30804.86
MinimumVisualStudioVersion = 10.0.40219.1
Project("{FAE04EC0-301F-11D3-BF4B-00C04F79EFBC}") = "course1", "course1\course1.csproj", "{965BE26E-6608-4698-8055-819575C8DD6F}"
EndProject
Global
	GlobalSection(SolutionConfigurationPlatforms) = preSolution
		Debug|Any CPU = Debug|Any CPU
		Release|Any CPU = Release|Any CPU
	EndGlobalSection
	GlobalSection(ProjectConfigurationPlatforms) = postSolution
		{965BE26E-6608-4698-8055-819575C8DD6F}.Debug|Any CPU.ActiveCfg = Debug|Any CPU
		{965BE26E-6608-4698-8055-819575C8DD6F}.Debug|Any CPU.Build.0 = Debug|Any CPU
		{965BE26E-6608-4698-8055-819575C8DD6F}.Release|Any CPU.ActiveCfg = Release|Any CPU
		{965BE26E-6608-4698-8055-819575C8DD6F}.Release|Any CPU.Build.0 = Release|Any CPU
	EndGlobalSection
	GlobalSection(SolutionProperties) = preSolution
		HideSolutionNode = FALSE
	EndGlobalSection
	GlobalSection(ExtensibilityGlobals) = postSolution
		SolutionGuid = {31E654B8-D3C6-4381-9A0F-24355573F3AD}
	EndGlobalSection
EndGlobal
